
Microsoft Visual Studio Solution File, Format Version 12.00
Project("{FAE04EC0-301F-11D3-BF4B-00C04F79EFBC}") = "apbd-project", "apbd-project\apbd-project.csproj", "{2C95DED2-296B-42B2-8998-18FD3B106773}"
EndProject
Project("{FAE04EC0-301F-11D3-BF4B-00C04F79EFBC}") = "apbd-project-test", "apbd-project-test\apbd-project-test.csproj", "{DF63E82E-B920-4872-9C30-63F7CD6BAE3A}"
EndProject
Project("{FAE04EC0-301F-11D3-BF4B-00C04F79EFBC}") = "Entities", "Entities\Entities.csproj", "{A428B6C9-B074-4786-A2EF-01334B3D23DC}"
EndProject
Global
	GlobalSection(SolutionConfigurationPlatforms) = preSolution
		Debug|Any CPU = Debug|Any CPU
		Release|Any CPU = Release|Any CPU
	EndGlobalSection
	GlobalSection(ProjectConfigurationPlatforms) = postSolution
		{2C95DED2-296B-42B2-8998-18FD3B106773}.Debug|Any CPU.ActiveCfg = Debug|Any CPU
		{2C95DED2-296B-42B2-8998-18FD3B106773}.Debug|Any CPU.Build.0 = Debug|Any CPU
		{2C95DED2-296B-42B2-8998-18FD3B106773}.Release|Any CPU.ActiveCfg = Release|Any CPU
		{2C95DED2-296B-42B2-8998-18FD3B106773}.Release|Any CPU.Build.0 = Release|Any CPU
		{DF63E82E-B920-4872-9C30-63F7CD6BAE3A}.Debug|Any CPU.ActiveCfg = Debug|Any CPU
		{DF63E82E-B920-4872-9C30-63F7CD6BAE3A}.Debug|Any CPU.Build.0 = Debug|Any CPU
		{DF63E82E-B920-4872-9C30-63F7CD6BAE3A}.Release|Any CPU.ActiveCfg = Release|Any CPU
		{DF63E82E-B920-4872-9C30-63F7CD6BAE3A}.Release|Any CPU.Build.0 = Release|Any CPU
		{A428B6C9-B074-4786-A2EF-01334B3D23DC}.Debug|Any CPU.ActiveCfg = Debug|Any CPU
		{A428B6C9-B074-4786-A2EF-01334B3D23DC}.Debug|Any CPU.Build.0 = Debug|Any CPU
		{A428B6C9-B074-4786-A2EF-01334B3D23DC}.Release|Any CPU.ActiveCfg = Release|Any CPU
		{A428B6C9-B074-4786-A2EF-01334B3D23DC}.Release|Any CPU.Build.0 = Release|Any CPU
	EndGlobalSection
EndGlobal
